
Microsoft Visual Studio Solution File, Format Version 12.00
# Visual Studio Version 17
VisualStudioVersion = 17.3.32922.545
MinimumVisualStudioVersion = 10.0.40219.1
Project("{FAE04EC0-301F-11D3-BF4B-00C04F79EFBC}") = "EjercicioPOOTransporte", "EjercicioPOOTransporte.csproj", "{676490CC-3901-44A1-94E2-654DC8CC3F0D}"
EndProject
Global
	GlobalSection(SolutionConfigurationPlatforms) = preSolution
		Debug|Any CPU = Debug|Any CPU
		Release|Any CPU = Release|Any CPU
	EndGlobalSection
	GlobalSection(ProjectConfigurationPlatforms) = postSolution
		{676490CC-3901-44A1-94E2-654DC8CC3F0D}.Debug|Any CPU.ActiveCfg = Debug|Any CPU
		{676490CC-3901-44A1-94E2-654DC8CC3F0D}.Debug|Any CPU.Build.0 = Debug|Any CPU
		{676490CC-3901-44A1-94E2-654DC8CC3F0D}.Release|Any CPU.ActiveCfg = Release|Any CPU
		{676490CC-3901-44A1-94E2-654DC8CC3F0D}.Release|Any CPU.Build.0 = Release|Any CPU
	EndGlobalSection
	GlobalSection(SolutionProperties) = preSolution
		HideSolutionNode = FALSE
	EndGlobalSection
	GlobalSection(ExtensibilityGlobals) = postSolution
		SolutionGuid = {6E0E7B6C-A9E6-4A55-BD78-4F0A4E2BDC91}
	EndGlobalSection
EndGlobal
